
Microsoft Visual Studio Solution File, Format Version 12.00
# Visual Studio Version 16
VisualStudioVersion = 16.0.33027.164
MinimumVisualStudioVersion = 10.0.40219.1
Project("{FAE04EC0-301F-11D3-BF4B-00C04F79EFBC}") = "AppUpload", "AppUpload\AppUpload.csproj", "{105AD84F-F317-45D9-A961-EB64CCB4C7BC}"
EndProject
Global
	GlobalSection(SolutionConfigurationPlatforms) = preSolution
		Debug|Any CPU = Debug|Any CPU
		Release|Any CPU = Release|Any CPU
	EndGlobalSection
	GlobalSection(ProjectConfigurationPlatforms) = postSolution
		{105AD84F-F317-45D9-A961-EB64CCB4C7BC}.Debug|Any CPU.ActiveCfg = Debug|Any CPU
		{105AD84F-F317-45D9-A961-EB64CCB4C7BC}.Debug|Any CPU.Build.0 = Debug|Any CPU
		{105AD84F-F317-45D9-A961-EB64CCB4C7BC}.Release|Any CPU.ActiveCfg = Release|Any CPU
		{105AD84F-F317-45D9-A961-EB64CCB4C7BC}.Release|Any CPU.Build.0 = Release|Any CPU
	EndGlobalSection
	GlobalSection(SolutionProperties) = preSolution
		HideSolutionNode = FALSE
	EndGlobalSection
	GlobalSection(ExtensibilityGlobals) = postSolution
		SolutionGuid = {E67B207E-A4EB-453A-8C82-3E24D8E8D940}
	EndGlobalSection
EndGlobal
